
Microsoft Visual Studio Solution File, Format Version 12.00
# Visual Studio Version 17
VisualStudioVersion = 17.12.35527.113
MinimumVisualStudioVersion = 10.0.40219.1
Project("{2150E333-8FDC-42A3-9474-1A3956D46DE8}") = "src", "src", "{AD3DF988-466A-4678-878C-6055F94E5645}"
EndProject
Project("{2150E333-8FDC-42A3-9474-1A3956D46DE8}") = "Documento", "Documento", "{4F937B71-A1DB-4987-A43A-573503BB6130}"
	ProjectSection(SolutionItems) = preProject
		README.md = README.md
	EndProjectSection
EndProject
Project("{2150E333-8FDC-42A3-9474-1A3956D46DE8}") = "03 - Core", "03 - Core", "{AB2D190A-33E2-493E-BB1B-28B580C5BD8A}"
EndProject
Project("{2150E333-8FDC-42A3-9474-1A3956D46DE8}") = "01 - API", "01 - API", "{241598C1-0E72-4594-8E8A-B7F3A9E88917}"
EndProject
Project("{2150E333-8FDC-42A3-9474-1A3956D46DE8}") = "04 - Test", "04 - Test", "{D6CF6351-267C-4D0A-97E3-88BF65959A16}"
EndProject
Project("{FAE04EC0-301F-11D3-BF4B-00C04F79EFBC}") = "API.Gateway", "src\API\API.Gateway\API.Gateway.csproj", "{B15963FA-F476-48F5-8514-8A94DBE1DFAB}"
EndProject
Project("{FAE04EC0-301F-11D3-BF4B-00C04F79EFBC}") = "Common.Core.08", "src\Core\Common.Core.08\Common.Core.08.csproj", "{369BA617-B8F5-44D6-90D1-367A42A4E1FB}"
EndProject
Project("{2150E333-8FDC-42A3-9474-1A3956D46DE8}") = "02 - External", "02 - External", "{7F5448C7-4B04-42FB-B9D3-E8ABEB3F0FFB}"
EndProject
Project("{FAE04EC0-301F-11D3-BF4B-00C04F79EFBC}") = "API.External.Email", "src\External\API.External.Email\API.External.Email.csproj", "{56B7E884-A3F0-47E7-B8D5-FFFBAC09CCA8}"
EndProject
Project("{FAE04EC0-301F-11D3-BF4B-00C04F79EFBC}") = "API.External.MKT", "src\External\API.External.MKT\API.External.MKT.csproj", "{B7B7F652-9C81-4798-8C50-CBFCCB07F3B7}"
EndProject
Project("{2150E333-8FDC-42A3-9474-1A3956D46DE8}") = "03 - API.Auth", "03 - API.Auth", "{21764D96-89CE-4620-8945-019D358A5DEE}"
	ProjectSection(SolutionItems) = preProject
		src\External\API.External.Auth\README.md = src\External\API.External.Auth\README.md
	EndProjectSection
EndProject
Project("{FAE04EC0-301F-11D3-BF4B-00C04F79EFBC}") = "API.External.Auth", "src\External\API.External.Auth\backend\API.Admin\API.External.Auth.csproj", "{ECBE2A79-5C8C-4C6C-8B9A-D0A4F5ACD20D}"
EndProject
Project("{FAE04EC0-301F-11D3-BF4B-00C04F79EFBC}") = "Common.External.Auth.Net8", "src\External\API.External.Auth\backend\Common.Net8\Common.External.Auth.Net8.csproj", "{4210E318-9CDC-46B9-BB20-5D8213462B82}"
EndProject
Project("{FAE04EC0-301F-11D3-BF4B-00C04F79EFBC}") = "Common.External.Auth.Net8.Tests", "src\External\API.External.Auth\backend\Common.Net8.Tests\Common.External.Auth.Net8.Tests.csproj", "{27472BA4-F29A-486A-9B5A-2BFC1AECF2DD}"
EndProject
Project("{2150E333-8FDC-42A3-9474-1A3956D46DE8}") = "IntegrationTests", "IntegrationTests", "{FA7CE411-2AFC-48B3-B30E-6932163D6BC4}"
EndProject
Project("{2150E333-8FDC-42A3-9474-1A3956D46DE8}") = "UnitTests", "UnitTests", "{F2435ABE-D27C-483D-A4D1-E965E823EF7E}"
EndProject
Project("{FAE04EC0-301F-11D3-BF4B-00C04F79EFBC}") = "Common.Core.08.Tests", "src\Test\Common.Core.08.Tests\Common.Core.08.Tests.csproj", "{B2822FEC-E0DD-4662-9D18-3F1D21169F52}"
EndProject
Project("{2150E333-8FDC-42A3-9474-1A3956D46DE8}") = "01 - API.Gateway", "01 - API.Gateway", "{7E8BDC9B-B9F0-412A-816A-59FC45BF781A}"
	ProjectSection(SolutionItems) = preProject
		src\API\API.Gateway\README.md = src\API\API.Gateway\README.md
	EndProjectSection
EndProject
Project("{2150E333-8FDC-42A3-9474-1A3956D46DE8}") = "02 - API.Template", "02 - API.Template", "{5782D3E5-68BD-47AF-97EE-B91DC1CBF109}"
	ProjectSection(SolutionItems) = preProject
		src\API\API.Exemple.Core.08\README.md = src\API\API.Exemple.Core.08\README.md
	EndProjectSection
EndProject
Project("{2150E333-8FDC-42A3-9474-1A3956D46DE8}") = "04 - API.Person", "04 - API.Person", "{0252CBC8-AD67-426F-A12B-88554C143F11}"
	ProjectSection(SolutionItems) = preProject
		src\API\API.Person\README.md = src\API\API.Person\README.md
	EndProjectSection
EndProject
Project("{2150E333-8FDC-42A3-9474-1A3956D46DE8}") = "05 - API.Customer", "05 - API.Customer", "{096D8F30-916F-43F8-8B59-275C1998533D}"
	ProjectSection(SolutionItems) = preProject
		src\API\API.Customer\README.md = src\API\API.Customer\README.md
	EndProjectSection
EndProject
Project("{2150E333-8FDC-42A3-9474-1A3956D46DE8}") = "06 - API.Clinic", "06 - API.Clinic", "{6842EC33-CE6F-44DB-A652-133EB6685E20}"
	ProjectSection(SolutionItems) = preProject
		src\API\API.Clinic\README.md = src\API\API.Clinic\README.md
	EndProjectSection
EndProject
Project("{2150E333-8FDC-42A3-9474-1A3956D46DE8}") = "07 - API.HR", "07 - API.HR", "{58CF3F9A-D89D-4E53-9AB7-2D744247D6D7}"
	ProjectSection(SolutionItems) = preProject
		src\API\API.HR\README.md = src\API\API.HR\README.md
	EndProjectSection
EndProject
Project("{2150E333-8FDC-42A3-9474-1A3956D46DE8}") = "08 - API.InventoryControl", "08 - API.InventoryControl", "{3BEDF522-5AAE-4235-B206-595EB39FF76C}"
	ProjectSection(SolutionItems) = preProject
		src\API\API.InventoryControl\README.md = src\API\API.InventoryControl\README.md
	EndProjectSection
EndProject
Project("{2150E333-8FDC-42A3-9474-1A3956D46DE8}") = "09 - API.Freelancer", "09 - API.Freelancer", "{BADDDADE-9A69-4C30-9C6A-DF5F00BEE1FC}"
	ProjectSection(SolutionItems) = preProject
		src\API\API.Freelancer\README.md = src\API\API.Freelancer\README.md
	EndProjectSection
EndProject
Project("{FAE04EC0-301F-11D3-BF4B-00C04F79EFBC}") = "API.Exemple.Core.08", "src\API\API.Exemple.Core.08\API.Exemple.Core.08.csproj", "{905D7A2A-2EC4-428E-8725-9E4844ECAC13}"
EndProject
Project("{FAE04EC0-301F-11D3-BF4B-00C04F79EFBC}") = "API.Exemple.Core.Tests", "src\Test\API.Exemple.Core.08.Tests\API.Exemple.Core.Tests.csproj", "{35189615-B274-4F5B-A93E-2C47555181A1}"
EndProject
Project("{E53339B2-1760-4266-BCC7-CA923CBCF16C}") = "docker-compose", "docker-compose.dcproj", "{6DA5D118-E200-4C2D-9CA2-5461F37D1088}"
EndProject
Project("{FAE04EC0-301F-11D3-BF4B-00C04F79EFBC}") = "API.Person", "src\API\API.Person\API.Person.csproj", "{FB9DE7B9-DD86-49AE-8CD6-029AC2BDFDF0}"
EndProject
Project("{FAE04EC0-301F-11D3-BF4B-00C04F79EFBC}") = "API.Customer", "src\API\API.Customer\API.Customer.csproj", "{D97346BF-6044-40C6-AD39-7DDCF67399A0}"
EndProject
Project("{FAE04EC0-301F-11D3-BF4B-00C04F79EFBC}") = "API.Clinic", "src\API\API.Clinic\API.Clinic.csproj", "{E3426085-A846-4BDA-B6C6-3DF3B5313F15}"
EndProject
Project("{FAE04EC0-301F-11D3-BF4B-00C04F79EFBC}") = "API.HR", "src\API\API.HR\API.HR.csproj", "{6EAF77BE-29AF-442B-8BD2-8AF180F6965E}"
EndProject
Project("{FAE04EC0-301F-11D3-BF4B-00C04F79EFBC}") = "API.InventoryControl", "src\API\API.InventoryControl\API.InventoryControl.csproj", "{8BB4D4AD-F11C-430F-9696-8D9F656C27C4}"
EndProject
Project("{FAE04EC0-301F-11D3-BF4B-00C04F79EFBC}") = "API.Freelancer", "src\API\API.Freelancer\API.Freelancer.csproj", "{F423BDB2-8862-44E6-8486-91604F98416D}"
EndProject
Global
	GlobalSection(SolutionConfigurationPlatforms) = preSolution
		Debug|Any CPU = Debug|Any CPU
		Release|Any CPU = Release|Any CPU
	EndGlobalSection
	GlobalSection(ProjectConfigurationPlatforms) = postSolution
		{B15963FA-F476-48F5-8514-8A94DBE1DFAB}.Debug|Any CPU.ActiveCfg = Debug|Any CPU
		{B15963FA-F476-48F5-8514-8A94DBE1DFAB}.Debug|Any CPU.Build.0 = Debug|Any CPU
		{B15963FA-F476-48F5-8514-8A94DBE1DFAB}.Release|Any CPU.ActiveCfg = Release|Any CPU
		{B15963FA-F476-48F5-8514-8A94DBE1DFAB}.Release|Any CPU.Build.0 = Release|Any CPU
		{369BA617-B8F5-44D6-90D1-367A42A4E1FB}.Debug|Any CPU.ActiveCfg = Debug|Any CPU
		{369BA617-B8F5-44D6-90D1-367A42A4E1FB}.Debug|Any CPU.Build.0 = Debug|Any CPU
		{369BA617-B8F5-44D6-90D1-367A42A4E1FB}.Release|Any CPU.ActiveCfg = Release|Any CPU
		{369BA617-B8F5-44D6-90D1-367A42A4E1FB}.Release|Any CPU.Build.0 = Release|Any CPU
		{56B7E884-A3F0-47E7-B8D5-FFFBAC09CCA8}.Debug|Any CPU.ActiveCfg = Debug|Any CPU
		{56B7E884-A3F0-47E7-B8D5-FFFBAC09CCA8}.Debug|Any CPU.Build.0 = Debug|Any CPU
		{56B7E884-A3F0-47E7-B8D5-FFFBAC09CCA8}.Release|Any CPU.ActiveCfg = Release|Any CPU
		{56B7E884-A3F0-47E7-B8D5-FFFBAC09CCA8}.Release|Any CPU.Build.0 = Release|Any CPU
		{B7B7F652-9C81-4798-8C50-CBFCCB07F3B7}.Debug|Any CPU.ActiveCfg = Debug|Any CPU
		{B7B7F652-9C81-4798-8C50-CBFCCB07F3B7}.Debug|Any CPU.Build.0 = Debug|Any CPU
		{B7B7F652-9C81-4798-8C50-CBFCCB07F3B7}.Release|Any CPU.ActiveCfg = Release|Any CPU
		{B7B7F652-9C81-4798-8C50-CBFCCB07F3B7}.Release|Any CPU.Build.0 = Release|Any CPU
		{ECBE2A79-5C8C-4C6C-8B9A-D0A4F5ACD20D}.Debug|Any CPU.ActiveCfg = Debug|Any CPU
		{ECBE2A79-5C8C-4C6C-8B9A-D0A4F5ACD20D}.Debug|Any CPU.Build.0 = Debug|Any CPU
		{ECBE2A79-5C8C-4C6C-8B9A-D0A4F5ACD20D}.Release|Any CPU.ActiveCfg = Release|Any CPU
		{ECBE2A79-5C8C-4C6C-8B9A-D0A4F5ACD20D}.Release|Any CPU.Build.0 = Release|Any CPU
		{4210E318-9CDC-46B9-BB20-5D8213462B82}.Debug|Any CPU.ActiveCfg = Debug|Any CPU
		{4210E318-9CDC-46B9-BB20-5D8213462B82}.Debug|Any CPU.Build.0 = Debug|Any CPU
		{4210E318-9CDC-46B9-BB20-5D8213462B82}.Release|Any CPU.ActiveCfg = Release|Any CPU
		{4210E318-9CDC-46B9-BB20-5D8213462B82}.Release|Any CPU.Build.0 = Release|Any CPU
		{27472BA4-F29A-486A-9B5A-2BFC1AECF2DD}.Debug|Any CPU.ActiveCfg = Debug|Any CPU
		{27472BA4-F29A-486A-9B5A-2BFC1AECF2DD}.Debug|Any CPU.Build.0 = Debug|Any CPU
		{27472BA4-F29A-486A-9B5A-2BFC1AECF2DD}.Release|Any CPU.ActiveCfg = Release|Any CPU
		{27472BA4-F29A-486A-9B5A-2BFC1AECF2DD}.Release|Any CPU.Build.0 = Release|Any CPU
		{B2822FEC-E0DD-4662-9D18-3F1D21169F52}.Debug|Any CPU.ActiveCfg = Debug|Any CPU
		{B2822FEC-E0DD-4662-9D18-3F1D21169F52}.Debug|Any CPU.Build.0 = Debug|Any CPU
		{B2822FEC-E0DD-4662-9D18-3F1D21169F52}.Release|Any CPU.ActiveCfg = Release|Any CPU
		{B2822FEC-E0DD-4662-9D18-3F1D21169F52}.Release|Any CPU.Build.0 = Release|Any CPU
		{905D7A2A-2EC4-428E-8725-9E4844ECAC13}.Debug|Any CPU.ActiveCfg = Debug|Any CPU
		{905D7A2A-2EC4-428E-8725-9E4844ECAC13}.Debug|Any CPU.Build.0 = Debug|Any CPU
		{905D7A2A-2EC4-428E-8725-9E4844ECAC13}.Release|Any CPU.ActiveCfg = Release|Any CPU
		{905D7A2A-2EC4-428E-8725-9E4844ECAC13}.Release|Any CPU.Build.0 = Release|Any CPU
		{35189615-B274-4F5B-A93E-2C47555181A1}.Debug|Any CPU.ActiveCfg = Debug|Any CPU
		{35189615-B274-4F5B-A93E-2C47555181A1}.Debug|Any CPU.Build.0 = Debug|Any CPU
		{35189615-B274-4F5B-A93E-2C47555181A1}.Release|Any CPU.ActiveCfg = Release|Any CPU
		{35189615-B274-4F5B-A93E-2C47555181A1}.Release|Any CPU.Build.0 = Release|Any CPU
		{6DA5D118-E200-4C2D-9CA2-5461F37D1088}.Debug|Any CPU.ActiveCfg = Debug|Any CPU
		{6DA5D118-E200-4C2D-9CA2-5461F37D1088}.Debug|Any CPU.Build.0 = Debug|Any CPU
		{6DA5D118-E200-4C2D-9CA2-5461F37D1088}.Release|Any CPU.ActiveCfg = Release|Any CPU
		{6DA5D118-E200-4C2D-9CA2-5461F37D1088}.Release|Any CPU.Build.0 = Release|Any CPU
		{FB9DE7B9-DD86-49AE-8CD6-029AC2BDFDF0}.Debug|Any CPU.ActiveCfg = Debug|Any CPU
		{FB9DE7B9-DD86-49AE-8CD6-029AC2BDFDF0}.Debug|Any CPU.Build.0 = Debug|Any CPU
		{FB9DE7B9-DD86-49AE-8CD6-029AC2BDFDF0}.Release|Any CPU.ActiveCfg = Release|Any CPU
		{FB9DE7B9-DD86-49AE-8CD6-029AC2BDFDF0}.Release|Any CPU.Build.0 = Release|Any CPU
		{D97346BF-6044-40C6-AD39-7DDCF67399A0}.Debug|Any CPU.ActiveCfg = Debug|Any CPU
		{D97346BF-6044-40C6-AD39-7DDCF67399A0}.Debug|Any CPU.Build.0 = Debug|Any CPU
		{D97346BF-6044-40C6-AD39-7DDCF67399A0}.Release|Any CPU.ActiveCfg = Release|Any CPU
		{D97346BF-6044-40C6-AD39-7DDCF67399A0}.Release|Any CPU.Build.0 = Release|Any CPU
		{E3426085-A846-4BDA-B6C6-3DF3B5313F15}.Debug|Any CPU.ActiveCfg = Debug|Any CPU
		{E3426085-A846-4BDA-B6C6-3DF3B5313F15}.Debug|Any CPU.Build.0 = Debug|Any CPU
		{E3426085-A846-4BDA-B6C6-3DF3B5313F15}.Release|Any CPU.ActiveCfg = Release|Any CPU
		{E3426085-A846-4BDA-B6C6-3DF3B5313F15}.Release|Any CPU.Build.0 = Release|Any CPU
		{6EAF77BE-29AF-442B-8BD2-8AF180F6965E}.Debug|Any CPU.ActiveCfg = Debug|Any CPU
		{6EAF77BE-29AF-442B-8BD2-8AF180F6965E}.Debug|Any CPU.Build.0 = Debug|Any CPU
		{6EAF77BE-29AF-442B-8BD2-8AF180F6965E}.Release|Any CPU.ActiveCfg = Release|Any CPU
		{6EAF77BE-29AF-442B-8BD2-8AF180F6965E}.Release|Any CPU.Build.0 = Release|Any CPU
		{8BB4D4AD-F11C-430F-9696-8D9F656C27C4}.Debug|Any CPU.ActiveCfg = Debug|Any CPU
		{8BB4D4AD-F11C-430F-9696-8D9F656C27C4}.Debug|Any CPU.Build.0 = Debug|Any CPU
		{8BB4D4AD-F11C-430F-9696-8D9F656C27C4}.Release|Any CPU.ActiveCfg = Release|Any CPU
		{8BB4D4AD-F11C-430F-9696-8D9F656C27C4}.Release|Any CPU.Build.0 = Release|Any CPU
		{F423BDB2-8862-44E6-8486-91604F98416D}.Debug|Any CPU.ActiveCfg = Debug|Any CPU
		{F423BDB2-8862-44E6-8486-91604F98416D}.Debug|Any CPU.Build.0 = Debug|Any CPU
		{F423BDB2-8862-44E6-8486-91604F98416D}.Release|Any CPU.ActiveCfg = Release|Any CPU
		{F423BDB2-8862-44E6-8486-91604F98416D}.Release|Any CPU.Build.0 = Release|Any CPU
	EndGlobalSection
	GlobalSection(SolutionProperties) = preSolution
		HideSolutionNode = FALSE
	EndGlobalSection
	GlobalSection(NestedProjects) = preSolution
		{AB2D190A-33E2-493E-BB1B-28B580C5BD8A} = {AD3DF988-466A-4678-878C-6055F94E5645}
		{241598C1-0E72-4594-8E8A-B7F3A9E88917} = {AD3DF988-466A-4678-878C-6055F94E5645}
		{D6CF6351-267C-4D0A-97E3-88BF65959A16} = {AD3DF988-466A-4678-878C-6055F94E5645}
		{B15963FA-F476-48F5-8514-8A94DBE1DFAB} = {7E8BDC9B-B9F0-412A-816A-59FC45BF781A}
		{369BA617-B8F5-44D6-90D1-367A42A4E1FB} = {AB2D190A-33E2-493E-BB1B-28B580C5BD8A}
		{7F5448C7-4B04-42FB-B9D3-E8ABEB3F0FFB} = {AD3DF988-466A-4678-878C-6055F94E5645}
		{56B7E884-A3F0-47E7-B8D5-FFFBAC09CCA8} = {7F5448C7-4B04-42FB-B9D3-E8ABEB3F0FFB}
		{B7B7F652-9C81-4798-8C50-CBFCCB07F3B7} = {7F5448C7-4B04-42FB-B9D3-E8ABEB3F0FFB}
		{21764D96-89CE-4620-8945-019D358A5DEE} = {241598C1-0E72-4594-8E8A-B7F3A9E88917}
		{ECBE2A79-5C8C-4C6C-8B9A-D0A4F5ACD20D} = {21764D96-89CE-4620-8945-019D358A5DEE}
		{4210E318-9CDC-46B9-BB20-5D8213462B82} = {AB2D190A-33E2-493E-BB1B-28B580C5BD8A}
		{27472BA4-F29A-486A-9B5A-2BFC1AECF2DD} = {F2435ABE-D27C-483D-A4D1-E965E823EF7E}
		{FA7CE411-2AFC-48B3-B30E-6932163D6BC4} = {D6CF6351-267C-4D0A-97E3-88BF65959A16}
		{F2435ABE-D27C-483D-A4D1-E965E823EF7E} = {D6CF6351-267C-4D0A-97E3-88BF65959A16}
		{B2822FEC-E0DD-4662-9D18-3F1D21169F52} = {F2435ABE-D27C-483D-A4D1-E965E823EF7E}
		{7E8BDC9B-B9F0-412A-816A-59FC45BF781A} = {241598C1-0E72-4594-8E8A-B7F3A9E88917}
		{5782D3E5-68BD-47AF-97EE-B91DC1CBF109} = {241598C1-0E72-4594-8E8A-B7F3A9E88917}
		{0252CBC8-AD67-426F-A12B-88554C143F11} = {241598C1-0E72-4594-8E8A-B7F3A9E88917}
		{096D8F30-916F-43F8-8B59-275C1998533D} = {241598C1-0E72-4594-8E8A-B7F3A9E88917}
		{6842EC33-CE6F-44DB-A652-133EB6685E20} = {241598C1-0E72-4594-8E8A-B7F3A9E88917}
		{58CF3F9A-D89D-4E53-9AB7-2D744247D6D7} = {241598C1-0E72-4594-8E8A-B7F3A9E88917}
		{3BEDF522-5AAE-4235-B206-595EB39FF76C} = {241598C1-0E72-4594-8E8A-B7F3A9E88917}
		{BADDDADE-9A69-4C30-9C6A-DF5F00BEE1FC} = {241598C1-0E72-4594-8E8A-B7F3A9E88917}
		{905D7A2A-2EC4-428E-8725-9E4844ECAC13} = {5782D3E5-68BD-47AF-97EE-B91DC1CBF109}
		{35189615-B274-4F5B-A93E-2C47555181A1} = {FA7CE411-2AFC-48B3-B30E-6932163D6BC4}
		{FB9DE7B9-DD86-49AE-8CD6-029AC2BDFDF0} = {0252CBC8-AD67-426F-A12B-88554C143F11}
		{D97346BF-6044-40C6-AD39-7DDCF67399A0} = {096D8F30-916F-43F8-8B59-275C1998533D}
		{E3426085-A846-4BDA-B6C6-3DF3B5313F15} = {6842EC33-CE6F-44DB-A652-133EB6685E20}
		{6EAF77BE-29AF-442B-8BD2-8AF180F6965E} = {58CF3F9A-D89D-4E53-9AB7-2D744247D6D7}
		{8BB4D4AD-F11C-430F-9696-8D9F656C27C4} = {3BEDF522-5AAE-4235-B206-595EB39FF76C}
		{F423BDB2-8862-44E6-8486-91604F98416D} = {BADDDADE-9A69-4C30-9C6A-DF5F00BEE1FC}
	EndGlobalSection
EndGlobal
